// !$*UTF8*$!
{
	archiveVersion = 1;
	classes = {
	};
	objectVersion = 52;
	objects = {

/* Begin PBXBuildFile section */
		2546547BBDDD6A669ACA7393 /* Pods_Flickry.framework in Frameworks */ = {isa = PBXBuildFile; fileRef = 7364EA78B697BC6AA43777E9 /* Pods_Flickry.framework */; };
		390F73BE27361FEE0053F5B9 /* AppDelegate.swift in Sources */ = {isa = PBXBuildFile; fileRef = 390F73BD27361FEE0053F5B9 /* AppDelegate.swift */; };
		390F73C027361FEE0053F5B9 /* SceneDelegate.swift in Sources */ = {isa = PBXBuildFile; fileRef = 390F73BF27361FEE0053F5B9 /* SceneDelegate.swift */; };
		390F73C227361FEE0053F5B9 /* MainViewController.swift in Sources */ = {isa = PBXBuildFile; fileRef = 390F73C127361FEE0053F5B9 /* MainViewController.swift */; };
		390F73C527361FEE0053F5B9 /* Main.storyboard in Resources */ = {isa = PBXBuildFile; fileRef = 390F73C327361FEE0053F5B9 /* Main.storyboard */; };
		390F73C727361FF20053F5B9 /* Assets.xcassets in Resources */ = {isa = PBXBuildFile; fileRef = 390F73C627361FF20053F5B9 /* Assets.xcassets */; };
		390F73CA27361FF20053F5B9 /* LaunchScreen.storyboard in Resources */ = {isa = PBXBuildFile; fileRef = 390F73C827361FF20053F5B9 /* LaunchScreen.storyboard */; };
		390F73D3273621E00053F5B9 /* BuildFile in Frameworks */ = {isa = PBXBuildFile; productRef = 390F73D2273621E00053F5B9 /* SwiftPackageProductDependency */; };
		390F73D6273622110053F5B9 /* BuildFile in Frameworks */ = {isa = PBXBuildFile; productRef = 390F73D5273622110053F5B9 /* SwiftPackageProductDependency */; };
		390F73D9273622900053F5B9 /* BuildFile in Frameworks */ = {isa = PBXBuildFile; productRef = 390F73D8273622900053F5B9 /* SwiftPackageProductDependency */; };
		390F73DC273622D40053F5B9 /* BuildFile in Frameworks */ = {isa = PBXBuildFile; productRef = 390F73DB273622D40053F5B9 /* SwiftPackageProductDependency */; };
		390F73DE273623320053F5B9 /* AppCoordinator.swift in Sources */ = {isa = PBXBuildFile; fileRef = 390F73DD273623320053F5B9 /* AppCoordinator.swift */; };
		390F73E1273623660053F5B9 /* Coordinator.swift in Sources */ = {isa = PBXBuildFile; fileRef = 390F73E0273623660053F5B9 /* Coordinator.swift */; };
		390F73E6273624260053F5B9 /* MainCoordinator.swift in Sources */ = {isa = PBXBuildFile; fileRef = 390F73E5273624260053F5B9 /* MainCoordinator.swift */; };
		390F73E8273625E50053F5B9 /* StoryboardInstantiable.swift in Sources */ = {isa = PBXBuildFile; fileRef = 390F73E7273625E50053F5B9 /* StoryboardInstantiable.swift */; };
/* End PBXBuildFile section */

/* Begin PBXFileReference section */
		390F73BA27361FEE0053F5B9 /* Flickry.app */ = {isa = PBXFileReference; explicitFileType = wrapper.application; includeInIndex = 0; path = Flickry.app; sourceTree = BUILT_PRODUCTS_DIR; };
		390F73BD27361FEE0053F5B9 /* AppDelegate.swift */ = {isa = PBXFileReference; lastKnownFileType = sourcecode.swift; path = AppDelegate.swift; sourceTree = "<group>"; };
		390F73BF27361FEE0053F5B9 /* SceneDelegate.swift */ = {isa = PBXFileReference; lastKnownFileType = sourcecode.swift; path = SceneDelegate.swift; sourceTree = "<group>"; };
		390F73C127361FEE0053F5B9 /* MainViewController.swift */ = {isa = PBXFileReference; lastKnownFileType = sourcecode.swift; path = MainViewController.swift; sourceTree = "<group>"; };
		390F73C427361FEE0053F5B9 /* Base */ = {isa = PBXFileReference; lastKnownFileType = file.storyboard; name = Base; path = Base.lproj/Main.storyboard; sourceTree = "<group>"; };
		390F73C627361FF20053F5B9 /* Assets.xcassets */ = {isa = PBXFileReference; lastKnownFileType = folder.assetcatalog; path = Assets.xcassets; sourceTree = "<group>"; };
		390F73C927361FF20053F5B9 /* Base */ = {isa = PBXFileReference; lastKnownFileType = file.storyboard; name = Base; path = Base.lproj/LaunchScreen.storyboard; sourceTree = "<group>"; };
		390F73CB27361FF20053F5B9 /* Info.plist */ = {isa = PBXFileReference; lastKnownFileType = text.plist.xml; path = Info.plist; sourceTree = "<group>"; };
		390F73DD273623320053F5B9 /* AppCoordinator.swift */ = {isa = PBXFileReference; lastKnownFileType = sourcecode.swift; path = AppCoordinator.swift; sourceTree = "<group>"; };
		390F73E0273623660053F5B9 /* Coordinator.swift */ = {isa = PBXFileReference; lastKnownFileType = sourcecode.swift; path = Coordinator.swift; sourceTree = "<group>"; };
		390F73E5273624260053F5B9 /* MainCoordinator.swift */ = {isa = PBXFileReference; lastKnownFileType = sourcecode.swift; path = MainCoordinator.swift; sourceTree = "<group>"; };
		390F73E7273625E50053F5B9 /* StoryboardInstantiable.swift */ = {isa = PBXFileReference; lastKnownFileType = sourcecode.swift; path = StoryboardInstantiable.swift; sourceTree = "<group>"; };
		7364EA78B697BC6AA43777E9 /* Pods_Flickry.framework */ = {isa = PBXFileReference; explicitFileType = wrapper.framework; includeInIndex = 0; path = Pods_Flickry.framework; sourceTree = BUILT_PRODUCTS_DIR; };
		9E0810C855DD649445ADBB1E /* Pods-Flickry.debug.xcconfig */ = {isa = PBXFileReference; includeInIndex = 1; lastKnownFileType = text.xcconfig; name = "Pods-Flickry.debug.xcconfig"; path = "Target Support Files/Pods-Flickry/Pods-Flickry.debug.xcconfig"; sourceTree = "<group>"; };
		F6AF39EC3D61B4567F657E08 /* Pods-Flickry.release.xcconfig */ = {isa = PBXFileReference; includeInIndex = 1; lastKnownFileType = text.xcconfig; name = "Pods-Flickry.release.xcconfig"; path = "Target Support Files/Pods-Flickry/Pods-Flickry.release.xcconfig"; sourceTree = "<group>"; };
/* End PBXFileReference section */

/* Begin PBXFrameworksBuildPhase section */
		390F73B727361FEE0053F5B9 /* Frameworks */ = {
			isa = PBXFrameworksBuildPhase;
			buildActionMask = 2147483647;
			files = (
				390F73DC273622D40053F5B9 /* BuildFile in Frameworks */,
				390F73D6273622110053F5B9 /* BuildFile in Frameworks */,
				390F73D3273621E00053F5B9 /* BuildFile in Frameworks */,
				390F73D9273622900053F5B9 /* BuildFile in Frameworks */,
				2546547BBDDD6A669ACA7393 /* Pods_Flickry.framework in Frameworks */,
			);
			runOnlyForDeploymentPostprocessing = 0;
		};
/* End PBXFrameworksBuildPhase section */

/* Begin PBXGroup section */
		390F73B127361FEE0053F5B9 = {
			isa = PBXGroup;
			children = (
				390F73BC27361FEE0053F5B9 /* Flickry */,
				390F73BB27361FEE0053F5B9 /* Products */,
				F38A67FEF786B72D4E8E7E6F /* Pods */,
				6957197A13FA51812D4D228E /* Frameworks */,
			);
			sourceTree = "<group>";
		};
		390F73BB27361FEE0053F5B9 /* Products */ = {
			isa = PBXGroup;
			children = (
				390F73BA27361FEE0053F5B9 /* Flickry.app */,
			);
			name = Products;
			sourceTree = "<group>";
		};
		390F73BC27361FEE0053F5B9 /* Flickry */ = {
			isa = PBXGroup;
			children = (
				390F73E9273627090053F5B9 /* SwiftGen */,
				390F73E4273624170053F5B9 /* Coordinators */,
				390F73E3273623ED0053F5B9 /* Views */,
				390F73E2273623D30053F5B9 /* Controllers */,
				390F73DF2736235D0053F5B9 /* Protocols */,
				390F73BD27361FEE0053F5B9 /* AppDelegate.swift */,
				390F73BF27361FEE0053F5B9 /* SceneDelegate.swift */,
				390F73C627361FF20053F5B9 /* Assets.xcassets */,
				390F73C827361FF20053F5B9 /* LaunchScreen.storyboard */,
				390F73CB27361FF20053F5B9 /* Info.plist */,
			);
			path = Flickry;
			sourceTree = "<group>";
		};
		390F73DF2736235D0053F5B9 /* Protocols */ = {
			isa = PBXGroup;
			children = (
				390F73E0273623660053F5B9 /* Coordinator.swift */,
				390F73E7273625E50053F5B9 /* StoryboardInstantiable.swift */,
			);
			path = Protocols;
			sourceTree = "<group>";
		};
		390F73E2273623D30053F5B9 /* Controllers */ = {
			isa = PBXGroup;
			children = (
				390F73C127361FEE0053F5B9 /* MainViewController.swift */,
			);
			path = Controllers;
			sourceTree = "<group>";
		};
		390F73E3273623ED0053F5B9 /* Views */ = {
			isa = PBXGroup;
			children = (
				390F73C327361FEE0053F5B9 /* Main.storyboard */,
			);
			path = Views;
			sourceTree = "<group>";
		};
		390F73E4273624170053F5B9 /* Coordinators */ = {
			isa = PBXGroup;
			children = (
				390F73DD273623320053F5B9 /* AppCoordinator.swift */,
				390F73E5273624260053F5B9 /* MainCoordinator.swift */,
			);
			path = Coordinators;
			sourceTree = "<group>";
		};
		390F73E9273627090053F5B9 /* SwiftGen */ = {
			isa = PBXGroup;
			children = (
			);
			path = SwiftGen;
			sourceTree = "<group>";
		};
		6957197A13FA51812D4D228E /* Frameworks */ = {
			isa = PBXGroup;
			children = (
				7364EA78B697BC6AA43777E9 /* Pods_Flickry.framework */,
			);
			name = Frameworks;
			sourceTree = "<group>";
		};
		F38A67FEF786B72D4E8E7E6F /* Pods */ = {
			isa = PBXGroup;
			children = (
				9E0810C855DD649445ADBB1E /* Pods-Flickry.debug.xcconfig */,
				F6AF39EC3D61B4567F657E08 /* Pods-Flickry.release.xcconfig */,
			);
			name = Pods;
			path = Pods;
			sourceTree = "<group>";
		};
/* End PBXGroup section */

/* Begin PBXNativeTarget section */
		390F73B927361FEE0053F5B9 /* Flickry */ = {
			isa = PBXNativeTarget;
			buildConfigurationList = 390F73CE27361FF20053F5B9 /* Build configuration list for PBXNativeTarget "Flickry" */;
			buildPhases = (
				34B904366FFA6CD76F18FF19 /* [CP] Check Pods Manifest.lock */,
				390F73B627361FEE0053F5B9 /* Sources */,
				390F73B727361FEE0053F5B9 /* Frameworks */,
				390F73B827361FEE0053F5B9 /* Resources */,
			);
			buildRules = (
			);
			dependencies = (
			);
			name = Flickry;
			packageProductDependencies = (
				390F73D2273621E00053F5B9 /* SwiftPackageProductDependency */,
				390F73D5273622110053F5B9 /* SwiftPackageProductDependency */,
				390F73D8273622900053F5B9 /* SwiftPackageProductDependency */,
				390F73DB273622D40053F5B9 /* SwiftPackageProductDependency */,
			);
			productName = Flickry;
			productReference = 390F73BA27361FEE0053F5B9 /* Flickry.app */;
			productType = "com.apple.product-type.application";
		};
/* End PBXNativeTarget section */

/* Begin PBXProject section */
		390F73B227361FEE0053F5B9 /* Project object */ = {
			isa = PBXProject;
			attributes = {
				LastSwiftUpdateCheck = 1250;
				LastUpgradeCheck = 1250;
				TargetAttributes = {
					390F73B927361FEE0053F5B9 = {
						CreatedOnToolsVersion = 12.5.1;
					};
				};
			};
			buildConfigurationList = 390F73B527361FEE0053F5B9 /* Build configuration list for PBXProject "Flickry" */;
			compatibilityVersion = "Xcode 9.3";
			developmentRegion = en;
			hasScannedForEncodings = 0;
			knownRegions = (
				en,
				Base,
			);
			mainGroup = 390F73B127361FEE0053F5B9;
			packageReferences = (
				390F73D1273621E00053F5B9 /* RemoteSwiftPackageReference */,
				390F73D4273622110053F5B9 /* RemoteSwiftPackageReference */,
				390F73D7273622900053F5B9 /* RemoteSwiftPackageReference */,
				390F73DA273622D40053F5B9 /* RemoteSwiftPackageReference */,
			);
			productRefGroup = 390F73BB27361FEE0053F5B9 /* Products */;
			projectDirPath = "";
			projectRoot = "";
			targets = (
				390F73B927361FEE0053F5B9 /* Flickry */,
			);
		};
/* End PBXProject section */

/* Begin PBXResourcesBuildPhase section */
		390F73B827361FEE0053F5B9 /* Resources */ = {
			isa = PBXResourcesBuildPhase;
			buildActionMask = 2147483647;
			files = (
				390F73CA27361FF20053F5B9 /* LaunchScreen.storyboard in Resources */,
				390F73C727361FF20053F5B9 /* Assets.xcassets in Resources */,
				390F73C527361FEE0053F5B9 /* Main.storyboard in Resources */,
			);
			runOnlyForDeploymentPostprocessing = 0;
		};
/* End PBXResourcesBuildPhase section */

/* Begin PBXShellScriptBuildPhase section */
		34B904366FFA6CD76F18FF19 /* [CP] Check Pods Manifest.lock */ = {
			isa = PBXShellScriptBuildPhase;
			buildActionMask = 2147483647;
			files = (
			);
			inputFileListPaths = (
			);
			inputPaths = (
				"${PODS_PODFILE_DIR_PATH}/Podfile.lock",
				"${PODS_ROOT}/Manifest.lock",
			);
			name = "[CP] Check Pods Manifest.lock";
			outputFileListPaths = (
			);
			outputPaths = (
				"$(DERIVED_FILE_DIR)/Pods-Flickry-checkManifestLockResult.txt",
			);
			runOnlyForDeploymentPostprocessing = 0;
			shellPath = /bin/sh;
			shellScript = "diff \"${PODS_PODFILE_DIR_PATH}/Podfile.lock\" \"${PODS_ROOT}/Manifest.lock\" > /dev/null\nif [ $? != 0 ] ; then\n    # print error to STDERR\n    echo \"error: The sandbox is not in sync with the Podfile.lock. Run 'pod install' or update your CocoaPods installation.\" >&2\n    exit 1\nfi\n# This output is used by Xcode 'outputs' to avoid re-running this script phase.\necho \"SUCCESS\" > \"${SCRIPT_OUTPUT_FILE_0}\"\n";
			showEnvVarsInLog = 0;
		};
/* End PBXShellScriptBuildPhase section */

/* Begin PBXSourcesBuildPhase section */
		390F73B627361FEE0053F5B9 /* Sources */ = {
			isa = PBXSourcesBuildPhase;
			buildActionMask = 2147483647;
			files = (
				390F73DE273623320053F5B9 /* AppCoordinator.swift in Sources */,
				390F73E6273624260053F5B9 /* MainCoordinator.swift in Sources */,
				390F73C227361FEE0053F5B9 /* MainViewController.swift in Sources */,
				390F73E1273623660053F5B9 /* Coordinator.swift in Sources */,
				390F73E8273625E50053F5B9 /* StoryboardInstantiable.swift in Sources */,
				390F73BE27361FEE0053F5B9 /* AppDelegate.swift in Sources */,
				390F73C027361FEE0053F5B9 /* SceneDelegate.swift in Sources */,
			);
			runOnlyForDeploymentPostprocessing = 0;
		};
/* End PBXSourcesBuildPhase section */

/* Begin PBXVariantGroup section */
		390F73C327361FEE0053F5B9 /* Main.storyboard */ = {
			isa = PBXVariantGroup;
			children = (
				390F73C427361FEE0053F5B9 /* Base */,
			);
			name = Main.storyboard;
			sourceTree = "<group>";
		};
		390F73C827361FF20053F5B9 /* LaunchScreen.storyboard */ = {
			isa = PBXVariantGroup;
			children = (
				390F73C927361FF20053F5B9 /* Base */,
			);
			name = LaunchScreen.storyboard;
			sourceTree = "<group>";
		};
/* End PBXVariantGroup section */

/* Begin XCBuildConfiguration section */
		390F73CC27361FF20053F5B9 /* Debug */ = {
			isa = XCBuildConfiguration;
			buildSettings = {
				ALWAYS_SEARCH_USER_PATHS = NO;
				CLANG_ANALYZER_NONNULL = YES;
				CLANG_ANALYZER_NUMBER_OBJECT_CONVERSION = YES_AGGRESSIVE;
				CLANG_CXX_LANGUAGE_STANDARD = "gnu++14";
				CLANG_CXX_LIBRARY = "libc++";
				CLANG_ENABLE_MODULES = YES;
				CLANG_ENABLE_OBJC_ARC = YES;
				CLANG_ENABLE_OBJC_WEAK = YES;
				CLANG_WARN_BLOCK_CAPTURE_AUTORELEASING = YES;
				CLANG_WARN_BOOL_CONVERSION = YES;
				CLANG_WARN_COMMA = YES;
				CLANG_WARN_CONSTANT_CONVERSION = YES;
				CLANG_WARN_DEPRECATED_OBJC_IMPLEMENTATIONS = YES;
				CLANG_WARN_DIRECT_OBJC_ISA_USAGE = YES_ERROR;
				CLANG_WARN_DOCUMENTATION_COMMENTS = YES;
				CLANG_WARN_EMPTY_BODY = YES;
				CLANG_WARN_ENUM_CONVERSION = YES;
				CLANG_WARN_INFINITE_RECURSION = YES;
				CLANG_WARN_INT_CONVERSION = YES;
				CLANG_WARN_NON_LITERAL_NULL_CONVERSION = YES;
				CLANG_WARN_OBJC_IMPLICIT_RETAIN_SELF = YES;
				CLANG_WARN_OBJC_LITERAL_CONVERSION = YES;
				CLANG_WARN_OBJC_ROOT_CLASS = YES_ERROR;
				CLANG_WARN_QUOTED_INCLUDE_IN_FRAMEWORK_HEADER = YES;
				CLANG_WARN_RANGE_LOOP_ANALYSIS = YES;
				CLANG_WARN_STRICT_PROTOTYPES = YES;
				CLANG_WARN_SUSPICIOUS_MOVE = YES;
				CLANG_WARN_UNGUARDED_AVAILABILITY = YES_AGGRESSIVE;
				CLANG_WARN_UNREACHABLE_CODE = YES;
				CLANG_WARN__DUPLICATE_METHOD_MATCH = YES;
				COPY_PHASE_STRIP = NO;
				DEBUG_INFORMATION_FORMAT = dwarf;
				ENABLE_STRICT_OBJC_MSGSEND = YES;
				ENABLE_TESTABILITY = YES;
				GCC_C_LANGUAGE_STANDARD = gnu11;
				GCC_DYNAMIC_NO_PIC = NO;
				GCC_NO_COMMON_BLOCKS = YES;
				GCC_OPTIMIZATION_LEVEL = 0;
				GCC_PREPROCESSOR_DEFINITIONS = (
					"DEBUG=1",
					"$(inherited)",
				);
				GCC_WARN_64_TO_32_BIT_CONVERSION = YES;
				GCC_WARN_ABOUT_RETURN_TYPE = YES_ERROR;
				GCC_WARN_UNDECLARED_SELECTOR = YES;
				GCC_WARN_UNINITIALIZED_AUTOS = YES_AGGRESSIVE;
				GCC_WARN_UNUSED_FUNCTION = YES;
				GCC_WARN_UNUSED_VARIABLE = YES;
				IPHONEOS_DEPLOYMENT_TARGET = 14.5;
				MTL_ENABLE_DEBUG_INFO = INCLUDE_SOURCE;
				MTL_FAST_MATH = YES;
				ONLY_ACTIVE_ARCH = YES;
				SDKROOT = iphoneos;
				SWIFT_ACTIVE_COMPILATION_CONDITIONS = DEBUG;
				SWIFT_OPTIMIZATION_LEVEL = "-Onone";
			};
			name = Debug;
		};
		390F73CD27361FF20053F5B9 /* Release */ = {
			isa = XCBuildConfiguration;
			buildSettings = {
				ALWAYS_SEARCH_USER_PATHS = NO;
				CLANG_ANALYZER_NONNULL = YES;
				CLANG_ANALYZER_NUMBER_OBJECT_CONVERSION = YES_AGGRESSIVE;
				CLANG_CXX_LANGUAGE_STANDARD = "gnu++14";
				CLANG_CXX_LIBRARY = "libc++";
				CLANG_ENABLE_MODULES = YES;
				CLANG_ENABLE_OBJC_ARC = YES;
				CLANG_ENABLE_OBJC_WEAK = YES;
				CLANG_WARN_BLOCK_CAPTURE_AUTORELEASING = YES;
				CLANG_WARN_BOOL_CONVERSION = YES;
				CLANG_WARN_COMMA = YES;
				CLANG_WARN_CONSTANT_CONVERSION = YES;
				CLANG_WARN_DEPRECATED_OBJC_IMPLEMENTATIONS = YES;
				CLANG_WARN_DIRECT_OBJC_ISA_USAGE = YES_ERROR;
				CLANG_WARN_DOCUMENTATION_COMMENTS = YES;
				CLANG_WARN_EMPTY_BODY = YES;
				CLANG_WARN_ENUM_CONVERSION = YES;
				CLANG_WARN_INFINITE_RECURSION = YES;
				CLANG_WARN_INT_CONVERSION = YES;
				CLANG_WARN_NON_LITERAL_NULL_CONVERSION = YES;
				CLANG_WARN_OBJC_IMPLICIT_RETAIN_SELF = YES;
				CLANG_WARN_OBJC_LITERAL_CONVERSION = YES;
				CLANG_WARN_OBJC_ROOT_CLASS = YES_ERROR;
				CLANG_WARN_QUOTED_INCLUDE_IN_FRAMEWORK_HEADER = YES;
				CLANG_WARN_RANGE_LOOP_ANALYSIS = YES;
				CLANG_WARN_STRICT_PROTOTYPES = YES;
				CLANG_WARN_SUSPICIOUS_MOVE = YES;
				CLANG_WARN_UNGUARDED_AVAILABILITY = YES_AGGRESSIVE;
				CLANG_WARN_UNREACHABLE_CODE = YES;
				CLANG_WARN__DUPLICATE_METHOD_MATCH = YES;
				COPY_PHASE_STRIP = NO;
				DEBUG_INFORMATION_FORMAT = "dwarf-with-dsym";
				ENABLE_NS_ASSERTIONS = NO;
				ENABLE_STRICT_OBJC_MSGSEND = YES;
				GCC_C_LANGUAGE_STANDARD = gnu11;
				GCC_NO_COMMON_BLOCKS = YES;
				GCC_WARN_64_TO_32_BIT_CONVERSION = YES;
				GCC_WARN_ABOUT_RETURN_TYPE = YES_ERROR;
				GCC_WARN_UNDECLARED_SELECTOR = YES;
				GCC_WARN_UNINITIALIZED_AUTOS = YES_AGGRESSIVE;
				GCC_WARN_UNUSED_FUNCTION = YES;
				GCC_WARN_UNUSED_VARIABLE = YES;
				IPHONEOS_DEPLOYMENT_TARGET = 14.5;
				MTL_ENABLE_DEBUG_INFO = NO;
				MTL_FAST_MATH = YES;
				SDKROOT = iphoneos;
				SWIFT_COMPILATION_MODE = wholemodule;
				SWIFT_OPTIMIZATION_LEVEL = "-O";
				VALIDATE_PRODUCT = YES;
			};
			name = Release;
		};
		390F73CF27361FF20053F5B9 /* Debug */ = {
			isa = XCBuildConfiguration;
			baseConfigurationReference = 9E0810C855DD649445ADBB1E /* Pods-Flickry.debug.xcconfig */;
			buildSettings = {
				ASSETCATALOG_COMPILER_APPICON_NAME = AppIcon;
				ASSETCATALOG_COMPILER_GLOBAL_ACCENT_COLOR_NAME = AccentColor;
				CODE_SIGN_STYLE = Automatic;
				DEVELOPMENT_TEAM = 58WB287UAS;
				INFOPLIST_FILE = Flickry/Info.plist;
				LD_RUNPATH_SEARCH_PATHS = (
					"$(inherited)",
					"@executable_path/Frameworks",
				);
				PRODUCT_BUNDLE_IDENTIFIER = dev.denrick.Flickry;
				PRODUCT_NAME = "$(TARGET_NAME)";
				SWIFT_VERSION = 5.0;
				TARGETED_DEVICE_FAMILY = "1,2";
			};
			name = Debug;
		};
		390F73D027361FF20053F5B9 /* Release */ = {
			isa = XCBuildConfiguration;
			baseConfigurationReference = F6AF39EC3D61B4567F657E08 /* Pods-Flickry.release.xcconfig */;
			buildSettings = {
				ASSETCATALOG_COMPILER_APPICON_NAME = AppIcon;
				ASSETCATALOG_COMPILER_GLOBAL_ACCENT_COLOR_NAME = AccentColor;
				CODE_SIGN_STYLE = Automatic;
				DEVELOPMENT_TEAM = 58WB287UAS;
				INFOPLIST_FILE = Flickry/Info.plist;
				LD_RUNPATH_SEARCH_PATHS = (
					"$(inherited)",
					"@executable_path/Frameworks",
				);
				PRODUCT_BUNDLE_IDENTIFIER = dev.denrick.Flickry;
				PRODUCT_NAME = "$(TARGET_NAME)";
				SWIFT_VERSION = 5.0;
				TARGETED_DEVICE_FAMILY = "1,2";
			};
			name = Release;
		};
/* End XCBuildConfiguration section */

/* Begin XCConfigurationList section */
		390F73B527361FEE0053F5B9 /* Build configuration list for PBXProject "Flickry" */ = {
			isa = XCConfigurationList;
			buildConfigurations = (
				390F73CC27361FF20053F5B9 /* Debug */,
				390F73CD27361FF20053F5B9 /* Release */,
			);
			defaultConfigurationIsVisible = 0;
			defaultConfigurationName = Release;
		};
		390F73CE27361FF20053F5B9 /* Build configuration list for PBXNativeTarget "Flickry" */ = {
			isa = XCConfigurationList;
			buildConfigurations = (
				390F73CF27361FF20053F5B9 /* Debug */,
				390F73D027361FF20053F5B9 /* Release */,
			);
			defaultConfigurationIsVisible = 0;
			defaultConfigurationName = Release;
		};
/* End XCConfigurationList section */

/* Begin XCRemoteSwiftPackageReference section */
		390F73D1273621E00053F5B9 /* RemoteSwiftPackageReference */ = {
			isa = XCRemoteSwiftPackageReference;
			repositoryURL = "https://github.com/Moya/Moya.git";
			requirement = {
				kind = exactVersion;
				version = 15.0.0;
			};
		};
		390F73D4273622110053F5B9 /* RemoteSwiftPackageReference */ = {
			isa = XCRemoteSwiftPackageReference;
			repositoryURL = "https://github.com/onevcat/Kingfisher.git";
			requirement = {
				kind = exactVersion;
				version = 7.1.1;
			};
		};
		390F73D7273622900053F5B9 /* RemoteSwiftPackageReference */ = {
			isa = XCRemoteSwiftPackageReference;
			repositoryURL = "https://github.com/AliSoftware/Reusable.git";
			requirement = {
				kind = exactVersion;
				version = 4.1.2;
			};
		};
		390F73DA273622D40053F5B9 /* RemoteSwiftPackageReference */ = {
			isa = XCRemoteSwiftPackageReference;
			repositoryURL = "https://github.com/vhesener/Closures";
			requirement = {
				kind = exactVersion;
				version = 0.7.0;
			};
		};
/* End XCRemoteSwiftPackageReference section */

/* Begin XCSwiftPackageProductDependency section */
		390F73D2273621E00053F5B9 /* SwiftPackageProductDependency */ = {
			isa = XCSwiftPackageProductDependency;
			package = 390F73D1273621E00053F5B9 /* RemoteSwiftPackageReference */;
			productName = Moya;
		};
		390F73D5273622110053F5B9 /* SwiftPackageProductDependency */ = {
			isa = XCSwiftPackageProductDependency;
			package = 390F73D4273622110053F5B9 /* RemoteSwiftPackageReference */;
			productName = Kingfisher;
		};
		390F73D8273622900053F5B9 /* SwiftPackageProductDependency */ = {
			isa = XCSwiftPackageProductDependency;
			package = 390F73D7273622900053F5B9 /* RemoteSwiftPackageReference */;
			productName = Reusable;
		};
		390F73DB273622D40053F5B9 /* SwiftPackageProductDependency */ = {
			isa = XCSwiftPackageProductDependency;
			package = 390F73DA273622D40053F5B9 /* RemoteSwiftPackageReference */;
			productName = Closures;
		};
/* End XCSwiftPackageProductDependency section */
	};
	rootObject = 390F73B227361FEE0053F5B9 /* Project object */;
}
